
Microsoft Visual Studio Solution File, Format Version 12.00
# Visual Studio 15
VisualStudioVersion = 15.0.35026.233
MinimumVisualStudioVersion = 10.0.40219.1
Project("{FAE04EC0-301F-11D3-BF4B-00C04F79EFBC}") = "EnviarCorreo", "EnviarCorreo\EnviarCorreo.csproj", "{F590F7A5-98A6-4D5D-895A-A7BCD98EE2C4}"
EndProject
Global
	GlobalSection(SolutionConfigurationPlatforms) = preSolution
		Debug|Any CPU = Debug|Any CPU
		Release|Any CPU = Release|Any CPU
	EndGlobalSection
	GlobalSection(ProjectConfigurationPlatforms) = postSolution
		{F590F7A5-98A6-4D5D-895A-A7BCD98EE2C4}.Debug|Any CPU.ActiveCfg = Debug|Any CPU
		{F590F7A5-98A6-4D5D-895A-A7BCD98EE2C4}.Debug|Any CPU.Build.0 = Debug|Any CPU
		{F590F7A5-98A6-4D5D-895A-A7BCD98EE2C4}.Release|Any CPU.ActiveCfg = Release|Any CPU
		{F590F7A5-98A6-4D5D-895A-A7BCD98EE2C4}.Release|Any CPU.Build.0 = Release|Any CPU
	EndGlobalSection
	GlobalSection(SolutionProperties) = preSolution
		HideSolutionNode = FALSE
	EndGlobalSection
	GlobalSection(ExtensibilityGlobals) = postSolution
		SolutionGuid = {67A0B9CC-37EF-498E-BE83-7EB3C0C0864D}
	EndGlobalSection
EndGlobal
